
Microsoft Visual Studio Solution File, Format Version 12.00
# Visual Studio Version 17
VisualStudioVersion = 17.1.32228.430
MinimumVisualStudioVersion = 10.0.40219.1
Project("{9A19103F-16F7-4668-BE54-9A1E7A4F7556}") = "BookStore.MVC", "BookStore.MVC\BookStore.MVC.csproj", "{FCC20AB3-5D8F-444A-AD69-768C898CBFA7}"
EndProject
Global
	GlobalSection(SolutionConfigurationPlatforms) = preSolution
		Debug|Any CPU = Debug|Any CPU
		Release|Any CPU = Release|Any CPU
	EndGlobalSection
	GlobalSection(ProjectConfigurationPlatforms) = postSolution
		{FCC20AB3-5D8F-444A-AD69-768C898CBFA7}.Debug|Any CPU.ActiveCfg = Debug|Any CPU
		{FCC20AB3-5D8F-444A-AD69-768C898CBFA7}.Debug|Any CPU.Build.0 = Debug|Any CPU
		{FCC20AB3-5D8F-444A-AD69-768C898CBFA7}.Release|Any CPU.ActiveCfg = Release|Any CPU
		{FCC20AB3-5D8F-444A-AD69-768C898CBFA7}.Release|Any CPU.Build.0 = Release|Any CPU
	EndGlobalSection
	GlobalSection(SolutionProperties) = preSolution
		HideSolutionNode = FALSE
	EndGlobalSection
	GlobalSection(ExtensibilityGlobals) = postSolution
		SolutionGuid = {648AAE87-F6D5-4F15-8A0B-3FA9AD1B89EB}
	EndGlobalSection
EndGlobal
